// !$*UTF8*$!
{
	archiveVersion = 1;
	classes = {
	};
	objectVersion = 45;
	objects = {

/* Begin PBXBuildFile section */
		1D3623260D0F684500981E51 /* CallMeBackAppDelegate.m in Sources */ = {isa = PBXBuildFile; fileRef = 1D3623250D0F684500981E51 /* CallMeBackAppDelegate.m */; };
		1D60589B0D05DD56006BFB54 /* main.m in Sources */ = {isa = PBXBuildFile; fileRef = 29B97316FDCFA39411CA2CEA /* main.m */; };
		1D60589F0D05DD5A006BFB54 /* Foundation.framework in Frameworks */ = {isa = PBXBuildFile; fileRef = 1D30AB110D05D00D00671497 /* Foundation.framework */; };
		1DF5F4E00D08C38300B7A737 /* UIKit.framework in Frameworks */ = {isa = PBXBuildFile; fileRef = 1DF5F4DF0D08C38300B7A737 /* UIKit.framework */; };
		288765A50DF7441C002DB57D /* CoreGraphics.framework in Frameworks */ = {isa = PBXBuildFile; fileRef = 288765A40DF7441C002DB57D /* CoreGraphics.framework */; };
		2899E5220DE3E06400AC0155 /* CallMeBackViewController.xib in Resources */ = {isa = PBXBuildFile; fileRef = 2899E5210DE3E06400AC0155 /* CallMeBackViewController.xib */; };
		28AD733F0D9D9553002E5188 /* MainWindow.xib in Resources */ = {isa = PBXBuildFile; fileRef = 28AD733E0D9D9553002E5188 /* MainWindow.xib */; };
		28D7ACF80DDB3853001CB0EB /* CallMeBackViewController.m in Sources */ = {isa = PBXBuildFile; fileRef = 28D7ACF70DDB3853001CB0EB /* CallMeBackViewController.m */; };
		5699222712D8284300FCB88B /* NSObject+JSON.m in Sources */ = {isa = PBXBuildFile; fileRef = 5699221612D8284300FCB88B /* NSObject+JSON.m */; };
		5699222812D8284300FCB88B /* SBJsonParser.m in Sources */ = {isa = PBXBuildFile; fileRef = 5699221812D8284300FCB88B /* SBJsonParser.m */; };
		5699222912D8284300FCB88B /* SBJsonStreamParser.m in Sources */ = {isa = PBXBuildFile; fileRef = 5699221A12D8284300FCB88B /* SBJsonStreamParser.m */; };
		5699222A12D8284300FCB88B /* SBJsonStreamParserAdapter.m in Sources */ = {isa = PBXBuildFile; fileRef = 5699221C12D8284300FCB88B /* SBJsonStreamParserAdapter.m */; };
		5699222B12D8284300FCB88B /* SBJsonStreamParserState.m in Sources */ = {isa = PBXBuildFile; fileRef = 5699221E12D8284300FCB88B /* SBJsonStreamParserState.m */; };
		5699222C12D8284300FCB88B /* SBJsonStreamWriter.m in Sources */ = {isa = PBXBuildFile; fileRef = 5699222012D8284300FCB88B /* SBJsonStreamWriter.m */; };
		5699222D12D8284300FCB88B /* SBJsonStreamWriterState.m in Sources */ = {isa = PBXBuildFile; fileRef = 5699222212D8284300FCB88B /* SBJsonStreamWriterState.m */; };
		5699222E12D8284300FCB88B /* SBJsonTokeniser.m in Sources */ = {isa = PBXBuildFile; fileRef = 5699222412D8284300FCB88B /* SBJsonTokeniser.m */; };
		5699222F12D8284300FCB88B /* SBJsonWriter.m in Sources */ = {isa = PBXBuildFile; fileRef = 5699222612D8284300FCB88B /* SBJsonWriter.m */; };
/* End PBXBuildFile section */

/* Begin PBXFileReference section */
		1D30AB110D05D00D00671497 /* Foundation.framework */ = {isa = PBXFileReference; lastKnownFileType = wrapper.framework; name = Foundation.framework; path = System/Library/Frameworks/Foundation.framework; sourceTree = SDKROOT; };
		1D3623240D0F684500981E51 /* CallMeBackAppDelegate.h */ = {isa = PBXFileReference; fileEncoding = 4; lastKnownFileType = sourcecode.c.h; path = CallMeBackAppDelegate.h; sourceTree = "<group>"; };
		1D3623250D0F684500981E51 /* CallMeBackAppDelegate.m */ = {isa = PBXFileReference; fileEncoding = 4; lastKnownFileType = sourcecode.c.objc; path = CallMeBackAppDelegate.m; sourceTree = "<group>"; };
		1D6058910D05DD3D006BFB54 /* CallMeBack.app */ = {isa = PBXFileReference; explicitFileType = wrapper.application; includeInIndex = 0; path = CallMeBack.app; sourceTree = BUILT_PRODUCTS_DIR; };
		1DF5F4DF0D08C38300B7A737 /* UIKit.framework */ = {isa = PBXFileReference; lastKnownFileType = wrapper.framework; name = UIKit.framework; path = System/Library/Frameworks/UIKit.framework; sourceTree = SDKROOT; };
		288765A40DF7441C002DB57D /* CoreGraphics.framework */ = {isa = PBXFileReference; lastKnownFileType = wrapper.framework; name = CoreGraphics.framework; path = System/Library/Frameworks/CoreGraphics.framework; sourceTree = SDKROOT; };
		2899E5210DE3E06400AC0155 /* CallMeBackViewController.xib */ = {isa = PBXFileReference; lastKnownFileType = file.xib; path = CallMeBackViewController.xib; sourceTree = "<group>"; };
		28AD733E0D9D9553002E5188 /* MainWindow.xib */ = {isa = PBXFileReference; lastKnownFileType = file.xib; path = MainWindow.xib; sourceTree = "<group>"; };
		28D7ACF60DDB3853001CB0EB /* CallMeBackViewController.h */ = {isa = PBXFileReference; fileEncoding = 4; lastKnownFileType = sourcecode.c.h; path = CallMeBackViewController.h; sourceTree = "<group>"; };
		28D7ACF70DDB3853001CB0EB /* CallMeBackViewController.m */ = {isa = PBXFileReference; fileEncoding = 4; lastKnownFileType = sourcecode.c.objc; path = CallMeBackViewController.m; sourceTree = "<group>"; };
		29B97316FDCFA39411CA2CEA /* main.m */ = {isa = PBXFileReference; fileEncoding = 4; lastKnownFileType = sourcecode.c.objc; path = main.m; sourceTree = "<group>"; };
		32CA4F630368D1EE00C91783 /* CallMeBack_Prefix.pch */ = {isa = PBXFileReference; fileEncoding = 4; lastKnownFileType = sourcecode.c.h; path = CallMeBack_Prefix.pch; sourceTree = "<group>"; };
		5699221412D8284300FCB88B /* JSON.h */ = {isa = PBXFileReference; fileEncoding = 4; lastKnownFileType = sourcecode.c.h; name = JSON.h; path = JSON/Classes/JSON.h; sourceTree = "<group>"; };
		5699221512D8284300FCB88B /* NSObject+JSON.h */ = {isa = PBXFileReference; fileEncoding = 4; lastKnownFileType = sourcecode.c.h; name = "NSObject+JSON.h"; path = "JSON/Classes/NSObject+JSON.h"; sourceTree = "<group>"; };
		5699221612D8284300FCB88B /* NSObject+JSON.m */ = {isa = PBXFileReference; fileEncoding = 4; lastKnownFileType = sourcecode.c.objc; name = "NSObject+JSON.m"; path = "JSON/Classes/NSObject+JSON.m"; sourceTree = "<group>"; };
		5699221712D8284300FCB88B /* SBJsonParser.h */ = {isa = PBXFileReference; fileEncoding = 4; lastKnownFileType = sourcecode.c.h; name = SBJsonParser.h; path = JSON/Classes/SBJsonParser.h; sourceTree = "<group>"; };
		5699221812D8284300FCB88B /* SBJsonParser.m */ = {isa = PBXFileReference; fileEncoding = 4; lastKnownFileType = sourcecode.c.objc; name = SBJsonParser.m; path = JSON/Classes/SBJsonParser.m; sourceTree = "<group>"; };
		5699221912D8284300FCB88B /* SBJsonStreamParser.h */ = {isa = PBXFileReference; fileEncoding = 4; lastKnownFileType = sourcecode.c.h; name = SBJsonStreamParser.h; path = JSON/Classes/SBJsonStreamParser.h; sourceTree = "<group>"; };
		5699221A12D8284300FCB88B /* SBJsonStreamParser.m */ = {isa = PBXFileReference; fileEncoding = 4; lastKnownFileType = sourcecode.c.objc; name = SBJsonStreamParser.m; path = JSON/Classes/SBJsonStreamParser.m; sourceTree = "<group>"; };
		5699221B12D8284300FCB88B /* SBJsonStreamParserAdapter.h */ = {isa = PBXFileReference; fileEncoding = 4; lastKnownFileType = sourcecode.c.h; name = SBJsonStreamParserAdapter.h; path = JSON/Classes/SBJsonStreamParserAdapter.h; sourceTree = "<group>"; };
		5699221C12D8284300FCB88B /* SBJsonStreamParserAdapter.m */ = {isa = PBXFileReference; fileEncoding = 4; lastKnownFileType = sourcecode.c.objc; name = SBJsonStreamParserAdapter.m; path = JSON/Classes/SBJsonStreamParserAdapter.m; sourceTree = "<group>"; };
		5699221D12D8284300FCB88B /* SBJsonStreamParserState.h */ = {isa = PBXFileReference; fileEncoding = 4; lastKnownFileType = sourcecode.c.h; name = SBJsonStreamParserState.h; path = JSON/Classes/SBJsonStreamParserState.h; sourceTree = "<group>"; };
		5699221E12D8284300FCB88B /* SBJsonStreamParserState.m */ = {isa = PBXFileReference; fileEncoding = 4; lastKnownFileType = sourcecode.c.objc; name = SBJsonStreamParserState.m; path = JSON/Classes/SBJsonStreamParserState.m; sourceTree = "<group>"; };
		5699221F12D8284300FCB88B /* SBJsonStreamWriter.h */ = {isa = PBXFileReference; fileEncoding = 4; lastKnownFileType = sourcecode.c.h; name = SBJsonStreamWriter.h; path = JSON/Classes/SBJsonStreamWriter.h; sourceTree = "<group>"; };
		5699222012D8284300FCB88B /* SBJsonStreamWriter.m */ = {isa = PBXFileReference; fileEncoding = 4; lastKnownFileType = sourcecode.c.objc; name = SBJsonStreamWriter.m; path = JSON/Classes/SBJsonStreamWriter.m; sourceTree = "<group>"; };
		5699222112D8284300FCB88B /* SBJsonStreamWriterState.h */ = {isa = PBXFileReference; fileEncoding = 4; lastKnownFileType = sourcecode.c.h; name = SBJsonStreamWriterState.h; path = JSON/Classes/SBJsonStreamWriterState.h; sourceTree = "<group>"; };
		5699222212D8284300FCB88B /* SBJsonStreamWriterState.m */ = {isa = PBXFileReference; fileEncoding = 4; lastKnownFileType = sourcecode.c.objc; name = SBJsonStreamWriterState.m; path = JSON/Classes/SBJsonStreamWriterState.m; sourceTree = "<group>"; };
		5699222312D8284300FCB88B /* SBJsonTokeniser.h */ = {isa = PBXFileReference; fileEncoding = 4; lastKnownFileType = sourcecode.c.h; name = SBJsonTokeniser.h; path = JSON/Classes/SBJsonTokeniser.h; sourceTree = "<group>"; };
		5699222412D8284300FCB88B /* SBJsonTokeniser.m */ = {isa = PBXFileReference; fileEncoding = 4; lastKnownFileType = sourcecode.c.objc; name = SBJsonTokeniser.m; path = JSON/Classes/SBJsonTokeniser.m; sourceTree = "<group>"; };
		5699222512D8284300FCB88B /* SBJsonWriter.h */ = {isa = PBXFileReference; fileEncoding = 4; lastKnownFileType = sourcecode.c.h; name = SBJsonWriter.h; path = JSON/Classes/SBJsonWriter.h; sourceTree = "<group>"; };
		5699222612D8284300FCB88B /* SBJsonWriter.m */ = {isa = PBXFileReference; fileEncoding = 4; lastKnownFileType = sourcecode.c.objc; name = SBJsonWriter.m; path = JSON/Classes/SBJsonWriter.m; sourceTree = "<group>"; };
		8D1107310486CEB800E47090 /* CallMeBack-Info.plist */ = {isa = PBXFileReference; fileEncoding = 4; lastKnownFileType = text.plist.xml; path = "CallMeBack-Info.plist"; plistStructureDefinitionIdentifier = "com.apple.xcode.plist.structure-definition.iphone.info-plist"; sourceTree = "<group>"; };
/* End PBXFileReference section */

/* Begin PBXFrameworksBuildPhase section */
		1D60588F0D05DD3D006BFB54 /* Frameworks */ = {
			isa = PBXFrameworksBuildPhase;
			buildActionMask = 2147483647;
			files = (
				1D60589F0D05DD5A006BFB54 /* Foundation.framework in Frameworks */,
				1DF5F4E00D08C38300B7A737 /* UIKit.framework in Frameworks */,
				288765A50DF7441C002DB57D /* CoreGraphics.framework in Frameworks */,
			);
			runOnlyForDeploymentPostprocessing = 0;
		};
/* End PBXFrameworksBuildPhase section */

/* Begin PBXGroup section */
		080E96DDFE201D6D7F000001 /* Classes */ = {
			isa = PBXGroup;
			children = (
				1D3623240D0F684500981E51 /* CallMeBackAppDelegate.h */,
				1D3623250D0F684500981E51 /* CallMeBackAppDelegate.m */,
				28D7ACF60DDB3853001CB0EB /* CallMeBackViewController.h */,
				28D7ACF70DDB3853001CB0EB /* CallMeBackViewController.m */,
			);
			path = Classes;
			sourceTree = "<group>";
		};
		19C28FACFE9D520D11CA2CBB /* Products */ = {
			isa = PBXGroup;
			children = (
				1D6058910D05DD3D006BFB54 /* CallMeBack.app */,
			);
			name = Products;
			sourceTree = "<group>";
		};
		29B97314FDCFA39411CA2CEA /* CustomTemplate */ = {
			isa = PBXGroup;
			children = (
				080E96DDFE201D6D7F000001 /* Classes */,
				5699221312D827F800FCB88B /* JSON */,
				29B97315FDCFA39411CA2CEA /* Other Sources */,
				29B97317FDCFA39411CA2CEA /* Resources */,
				29B97323FDCFA39411CA2CEA /* Frameworks */,
				19C28FACFE9D520D11CA2CBB /* Products */,
			);
			name = CustomTemplate;
			sourceTree = "<group>";
		};
		29B97315FDCFA39411CA2CEA /* Other Sources */ = {
			isa = PBXGroup;
			children = (
				32CA4F630368D1EE00C91783 /* CallMeBack_Prefix.pch */,
				29B97316FDCFA39411CA2CEA /* main.m */,
			);
			name = "Other Sources";
			sourceTree = "<group>";
		};
		29B97317FDCFA39411CA2CEA /* Resources */ = {
			isa = PBXGroup;
			children = (
				2899E5210DE3E06400AC0155 /* CallMeBackViewController.xib */,
				28AD733E0D9D9553002E5188 /* MainWindow.xib */,
				8D1107310486CEB800E47090 /* CallMeBack-Info.plist */,
			);
			name = Resources;
			sourceTree = "<group>";
		};
		29B97323FDCFA39411CA2CEA /* Frameworks */ = {
			isa = PBXGroup;
			children = (
				1DF5F4DF0D08C38300B7A737 /* UIKit.framework */,
				1D30AB110D05D00D00671497 /* Foundation.framework */,
				288765A40DF7441C002DB57D /* CoreGraphics.framework */,
			);
			name = Frameworks;
			sourceTree = "<group>";
		};
		5699221312D827F800FCB88B /* JSON */ = {
			isa = PBXGroup;
			children = (
				5699221412D8284300FCB88B /* JSON.h */,
				5699221512D8284300FCB88B /* NSObject+JSON.h */,
				5699221612D8284300FCB88B /* NSObject+JSON.m */,
				5699221712D8284300FCB88B /* SBJsonParser.h */,
				5699221812D8284300FCB88B /* SBJsonParser.m */,
				5699221912D8284300FCB88B /* SBJsonStreamParser.h */,
				5699221A12D8284300FCB88B /* SBJsonStreamParser.m */,
				5699221B12D8284300FCB88B /* SBJsonStreamParserAdapter.h */,
				5699221C12D8284300FCB88B /* SBJsonStreamParserAdapter.m */,
				5699221D12D8284300FCB88B /* SBJsonStreamParserState.h */,
				5699221E12D8284300FCB88B /* SBJsonStreamParserState.m */,
				5699221F12D8284300FCB88B /* SBJsonStreamWriter.h */,
				5699222012D8284300FCB88B /* SBJsonStreamWriter.m */,
				5699222112D8284300FCB88B /* SBJsonStreamWriterState.h */,
				5699222212D8284300FCB88B /* SBJsonStreamWriterState.m */,
				5699222312D8284300FCB88B /* SBJsonTokeniser.h */,
				5699222412D8284300FCB88B /* SBJsonTokeniser.m */,
				5699222512D8284300FCB88B /* SBJsonWriter.h */,
				5699222612D8284300FCB88B /* SBJsonWriter.m */,
			);
			name = JSON;
			sourceTree = "<group>";
		};
/* End PBXGroup section */

/* Begin PBXNativeTarget section */
		1D6058900D05DD3D006BFB54 /* CallMeBack */ = {
			isa = PBXNativeTarget;
			buildConfigurationList = 1D6058960D05DD3E006BFB54 /* Build configuration list for PBXNativeTarget "CallMeBack" */;
			buildPhases = (
				1D60588D0D05DD3D006BFB54 /* Resources */,
				1D60588E0D05DD3D006BFB54 /* Sources */,
				1D60588F0D05DD3D006BFB54 /* Frameworks */,
			);
			buildRules = (
			);
			dependencies = (
			);
			name = CallMeBack;
			productName = CallMeBack;
			productReference = 1D6058910D05DD3D006BFB54 /* CallMeBack.app */;
			productType = "com.apple.product-type.application";
		};
/* End PBXNativeTarget section */

/* Begin PBXProject section */
		29B97313FDCFA39411CA2CEA /* Project object */ = {
			isa = PBXProject;
			buildConfigurationList = C01FCF4E08A954540054247B /* Build configuration list for PBXProject "CallMeBack" */;
			compatibilityVersion = "Xcode 3.1";
			developmentRegion = English;
			hasScannedForEncodings = 1;
			knownRegions = (
				English,
				Japanese,
				French,
				German,
			);
			mainGroup = 29B97314FDCFA39411CA2CEA /* CustomTemplate */;
			projectDirPath = "";
			projectRoot = "";
			targets = (
				1D6058900D05DD3D006BFB54 /* CallMeBack */,
			);
		};
/* End PBXProject section */

/* Begin PBXResourcesBuildPhase section */
		1D60588D0D05DD3D006BFB54 /* Resources */ = {
			isa = PBXResourcesBuildPhase;
			buildActionMask = 2147483647;
			files = (
				28AD733F0D9D9553002E5188 /* MainWindow.xib in Resources */,
				2899E5220DE3E06400AC0155 /* CallMeBackViewController.xib in Resources */,
			);
			runOnlyForDeploymentPostprocessing = 0;
		};
/* End PBXResourcesBuildPhase section */

/* Begin PBXSourcesBuildPhase section */
		1D60588E0D05DD3D006BFB54 /* Sources */ = {
			isa = PBXSourcesBuildPhase;
			buildActionMask = 2147483647;
			files = (
				1D60589B0D05DD56006BFB54 /* main.m in Sources */,
				1D3623260D0F684500981E51 /* CallMeBackAppDelegate.m in Sources */,
				28D7ACF80DDB3853001CB0EB /* CallMeBackViewController.m in Sources */,
				5699222712D8284300FCB88B /* NSObject+JSON.m in Sources */,
				5699222812D8284300FCB88B /* SBJsonParser.m in Sources */,
				5699222912D8284300FCB88B /* SBJsonStreamParser.m in Sources */,
				5699222A12D8284300FCB88B /* SBJsonStreamParserAdapter.m in Sources */,
				5699222B12D8284300FCB88B /* SBJsonStreamParserState.m in Sources */,
				5699222C12D8284300FCB88B /* SBJsonStreamWriter.m in Sources */,
				5699222D12D8284300FCB88B /* SBJsonStreamWriterState.m in Sources */,
				5699222E12D8284300FCB88B /* SBJsonTokeniser.m in Sources */,
				5699222F12D8284300FCB88B /* SBJsonWriter.m in Sources */,
			);
			runOnlyForDeploymentPostprocessing = 0;
		};
/* End PBXSourcesBuildPhase section */

/* Begin XCBuildConfiguration section */
		1D6058940D05DD3E006BFB54 /* Debug */ = {
			isa = XCBuildConfiguration;
			buildSettings = {
				ALWAYS_SEARCH_USER_PATHS = NO;
				COPY_PHASE_STRIP = NO;
				GCC_DYNAMIC_NO_PIC = NO;
				GCC_OPTIMIZATION_LEVEL = 0;
				GCC_PRECOMPILE_PREFIX_HEADER = YES;
				GCC_PREFIX_HEADER = CallMeBack_Prefix.pch;
				INFOPLIST_FILE = "CallMeBack-Info.plist";
				PRODUCT_NAME = CallMeBack;
			};
			name = Debug;
		};
		1D6058950D05DD3E006BFB54 /* Release */ = {
			isa = XCBuildConfiguration;
			buildSettings = {
				ALWAYS_SEARCH_USER_PATHS = NO;
				COPY_PHASE_STRIP = YES;
				GCC_PRECOMPILE_PREFIX_HEADER = YES;
				GCC_PREFIX_HEADER = CallMeBack_Prefix.pch;
				INFOPLIST_FILE = "CallMeBack-Info.plist";
				PRODUCT_NAME = CallMeBack;
				VALIDATE_PRODUCT = YES;
			};
			name = Release;
		};
		C01FCF4F08A954540054247B /* Debug */ = {
			isa = XCBuildConfiguration;
			buildSettings = {
				ARCHS = "$(ARCHS_STANDARD_32_BIT)";
				"CODE_SIGN_IDENTITY[sdk=iphoneos*]" = "iPhone Developer";
				GCC_C_LANGUAGE_STANDARD = c99;
				GCC_WARN_ABOUT_RETURN_TYPE = YES;
				GCC_WARN_UNUSED_VARIABLE = YES;
				PREBINDING = NO;
				SDKROOT = iphoneos;
			};
			name = Debug;
		};
		C01FCF5008A954540054247B /* Release */ = {
			isa = XCBuildConfiguration;
			buildSettings = {
				ARCHS = "$(ARCHS_STANDARD_32_BIT)";
				"CODE_SIGN_IDENTITY[sdk=iphoneos*]" = "iPhone Developer";
				GCC_C_LANGUAGE_STANDARD = c99;
				GCC_WARN_ABOUT_RETURN_TYPE = YES;
				GCC_WARN_UNUSED_VARIABLE = YES;
				OTHER_CFLAGS = "-DNS_BLOCK_ASSERTIONS=1";
				PREBINDING = NO;
				SDKROOT = iphoneos;
			};
			name = Release;
		};
/* End XCBuildConfiguration section */

/* Begin XCConfigurationList section */
		1D6058960D05DD3E006BFB54 /* Build configuration list for PBXNativeTarget "CallMeBack" */ = {
			isa = XCConfigurationList;
			buildConfigurations = (
				1D6058940D05DD3E006BFB54 /* Debug */,
				1D6058950D05DD3E006BFB54 /* Release */,
			);
			defaultConfigurationIsVisible = 0;
			defaultConfigurationName = Release;
		};
		C01FCF4E08A954540054247B /* Build configuration list for PBXProject "CallMeBack" */ = {
			isa = XCConfigurationList;
			buildConfigurations = (
				C01FCF4F08A954540054247B /* Debug */,
				C01FCF5008A954540054247B /* Release */,
			);
			defaultConfigurationIsVisible = 0;
			defaultConfigurationName = Release;
		};
/* End XCConfigurationList section */
	};
	rootObject = 29B97313FDCFA39411CA2CEA /* Project object */;
}
